// !$*UTF8*$!
{
	archiveVersion = 1;
	classes = {
	};
	objectVersion = 46;
	objects = {

/* Begin PBXBuildFile section */
		FB64DF1619F2FBA400B17000 /* main.m in Sources */ = {isa = PBXBuildFile; fileRef = FB64DF1519F2FBA400B17000 /* main.m */; };
		FB64DF1919F2FBA400B17000 /* AppDelegate.m in Sources */ = {isa = PBXBuildFile; fileRef = FB64DF1819F2FBA400B17000 /* AppDelegate.m */; };
		FB64DF1C19F2FBA400B17000 /* MasterViewController.m in Sources */ = {isa = PBXBuildFile; fileRef = FB64DF1B19F2FBA400B17000 /* MasterViewController.m */; };
		FB64DF1F19F2FBA400B17000 /* DetailViewController.m in Sources */ = {isa = PBXBuildFile; fileRef = FB64DF1E19F2FBA400B17000 /* DetailViewController.m */; };
		FB64DF2219F2FBA500B17000 /* Main.storyboard in Resources */ = {isa = PBXBuildFile; fileRef = FB64DF2019F2FBA500B17000 /* Main.storyboard */; };
		FB64DF2419F2FBA500B17000 /* Images.xcassets in Resources */ = {isa = PBXBuildFile; fileRef = FB64DF2319F2FBA500B17000 /* Images.xcassets */; };
		FB64DF2719F2FBA500B17000 /* LaunchScreen.xib in Resources */ = {isa = PBXBuildFile; fileRef = FB64DF2519F2FBA500B17000 /* LaunchScreen.xib */; };
		FB64DF3319F2FBA500B17000 /* SetWeekInvestigationTests.m in Sources */ = {isa = PBXBuildFile; fileRef = FB64DF3219F2FBA500B17000 /* SetWeekInvestigationTests.m */; };
/* End PBXBuildFile section */

/* Begin PBXContainerItemProxy section */
		FB64DF2D19F2FBA500B17000 /* PBXContainerItemProxy */ = {
			isa = PBXContainerItemProxy;
			containerPortal = FB64DF0819F2FBA400B17000 /* Project object */;
			proxyType = 1;
			remoteGlobalIDString = FB64DF0F19F2FBA400B17000;
			remoteInfo = SetWeekInvestigation;
		};
/* End PBXContainerItemProxy section */

/* Begin PBXFileReference section */
		FB64DF1019F2FBA400B17000 /* SetWeekInvestigation.app */ = {isa = PBXFileReference; explicitFileType = wrapper.application; includeInIndex = 0; path = SetWeekInvestigation.app; sourceTree = BUILT_PRODUCTS_DIR; };
		FB64DF1419F2FBA400B17000 /* Info.plist */ = {isa = PBXFileReference; lastKnownFileType = text.plist.xml; path = Info.plist; sourceTree = "<group>"; };
		FB64DF1519F2FBA400B17000 /* main.m */ = {isa = PBXFileReference; lastKnownFileType = sourcecode.c.objc; path = main.m; sourceTree = "<group>"; };
		FB64DF1719F2FBA400B17000 /* AppDelegate.h */ = {isa = PBXFileReference; lastKnownFileType = sourcecode.c.h; path = AppDelegate.h; sourceTree = "<group>"; };
		FB64DF1819F2FBA400B17000 /* AppDelegate.m */ = {isa = PBXFileReference; lastKnownFileType = sourcecode.c.objc; path = AppDelegate.m; sourceTree = "<group>"; };
		FB64DF1A19F2FBA400B17000 /* MasterViewController.h */ = {isa = PBXFileReference; lastKnownFileType = sourcecode.c.h; path = MasterViewController.h; sourceTree = "<group>"; };
		FB64DF1B19F2FBA400B17000 /* MasterViewController.m */ = {isa = PBXFileReference; lastKnownFileType = sourcecode.c.objc; path = MasterViewController.m; sourceTree = "<group>"; };
		FB64DF1D19F2FBA400B17000 /* DetailViewController.h */ = {isa = PBXFileReference; lastKnownFileType = sourcecode.c.h; path = DetailViewController.h; sourceTree = "<group>"; };
		FB64DF1E19F2FBA400B17000 /* DetailViewController.m */ = {isa = PBXFileReference; lastKnownFileType = sourcecode.c.objc; path = DetailViewController.m; sourceTree = "<group>"; };
		FB64DF2119F2FBA500B17000 /* Base */ = {isa = PBXFileReference; lastKnownFileType = file.storyboard; name = Base; path = Base.lproj/Main.storyboard; sourceTree = "<group>"; };
		FB64DF2319F2FBA500B17000 /* Images.xcassets */ = {isa = PBXFileReference; lastKnownFileType = folder.assetcatalog; path = Images.xcassets; sourceTree = "<group>"; };
		FB64DF2619F2FBA500B17000 /* Base */ = {isa = PBXFileReference; lastKnownFileType = file.xib; name = Base; path = Base.lproj/LaunchScreen.xib; sourceTree = "<group>"; };
		FB64DF2C19F2FBA500B17000 /* SetWeekInvestigationTests.xctest */ = {isa = PBXFileReference; explicitFileType = wrapper.cfbundle; includeInIndex = 0; path = SetWeekInvestigationTests.xctest; sourceTree = BUILT_PRODUCTS_DIR; };
		FB64DF3119F2FBA500B17000 /* Info.plist */ = {isa = PBXFileReference; lastKnownFileType = text.plist.xml; path = Info.plist; sourceTree = "<group>"; };
		FB64DF3219F2FBA500B17000 /* SetWeekInvestigationTests.m */ = {isa = PBXFileReference; lastKnownFileType = sourcecode.c.objc; path = SetWeekInvestigationTests.m; sourceTree = "<group>"; };
/* End PBXFileReference section */

/* Begin PBXFrameworksBuildPhase section */
		FB64DF0D19F2FBA400B17000 /* Frameworks */ = {
			isa = PBXFrameworksBuildPhase;
			buildActionMask = 2147483647;
			files = (
			);
			runOnlyForDeploymentPostprocessing = 0;
		};
		FB64DF2919F2FBA500B17000 /* Frameworks */ = {
			isa = PBXFrameworksBuildPhase;
			buildActionMask = 2147483647;
			files = (
			);
			runOnlyForDeploymentPostprocessing = 0;
		};
/* End PBXFrameworksBuildPhase section */

/* Begin PBXGroup section */
		FB64DF0719F2FBA400B17000 = {
			isa = PBXGroup;
			children = (
				FB64DF1219F2FBA400B17000 /* SetWeekInvestigation */,
				FB64DF2F19F2FBA500B17000 /* SetWeekInvestigationTests */,
				FB64DF1119F2FBA400B17000 /* Products */,
			);
			sourceTree = "<group>";
		};
		FB64DF1119F2FBA400B17000 /* Products */ = {
			isa = PBXGroup;
			children = (
				FB64DF1019F2FBA400B17000 /* SetWeekInvestigation.app */,
				FB64DF2C19F2FBA500B17000 /* SetWeekInvestigationTests.xctest */,
			);
			name = Products;
			sourceTree = "<group>";
		};
		FB64DF1219F2FBA400B17000 /* SetWeekInvestigation */ = {
			isa = PBXGroup;
			children = (
				FB64DF1719F2FBA400B17000 /* AppDelegate.h */,
				FB64DF1819F2FBA400B17000 /* AppDelegate.m */,
				FB64DF1A19F2FBA400B17000 /* MasterViewController.h */,
				FB64DF1B19F2FBA400B17000 /* MasterViewController.m */,
				FB64DF1D19F2FBA400B17000 /* DetailViewController.h */,
				FB64DF1E19F2FBA400B17000 /* DetailViewController.m */,
				FB64DF2019F2FBA500B17000 /* Main.storyboard */,
				FB64DF2319F2FBA500B17000 /* Images.xcassets */,
				FB64DF2519F2FBA500B17000 /* LaunchScreen.xib */,
				FB64DF1319F2FBA400B17000 /* Supporting Files */,
			);
			path = SetWeekInvestigation;
			sourceTree = "<group>";
		};
		FB64DF1319F2FBA400B17000 /* Supporting Files */ = {
			isa = PBXGroup;
			children = (
				FB64DF1419F2FBA400B17000 /* Info.plist */,
				FB64DF1519F2FBA400B17000 /* main.m */,
			);
			name = "Supporting Files";
			sourceTree = "<group>";
		};
		FB64DF2F19F2FBA500B17000 /* SetWeekInvestigationTests */ = {
			isa = PBXGroup;
			children = (
				FB64DF3219F2FBA500B17000 /* SetWeekInvestigationTests.m */,
				FB64DF3019F2FBA500B17000 /* Supporting Files */,
			);
			path = SetWeekInvestigationTests;
			sourceTree = "<group>";
		};
		FB64DF3019F2FBA500B17000 /* Supporting Files */ = {
			isa = PBXGroup;
			children = (
				FB64DF3119F2FBA500B17000 /* Info.plist */,
			);
			name = "Supporting Files";
			sourceTree = "<group>";
		};
/* End PBXGroup section */

/* Begin PBXNativeTarget section */
		FB64DF0F19F2FBA400B17000 /* SetWeekInvestigation */ = {
			isa = PBXNativeTarget;
			buildConfigurationList = FB64DF3619F2FBA500B17000 /* Build configuration list for PBXNativeTarget "SetWeekInvestigation" */;
			buildPhases = (
				FB64DF0C19F2FBA400B17000 /* Sources */,
				FB64DF0D19F2FBA400B17000 /* Frameworks */,
				FB64DF0E19F2FBA400B17000 /* Resources */,
			);
			buildRules = (
			);
			dependencies = (
			);
			name = SetWeekInvestigation;
			productName = SetWeekInvestigation;
			productReference = FB64DF1019F2FBA400B17000 /* SetWeekInvestigation.app */;
			productType = "com.apple.product-type.application";
		};
		FB64DF2B19F2FBA500B17000 /* SetWeekInvestigationTests */ = {
			isa = PBXNativeTarget;
			buildConfigurationList = FB64DF3919F2FBA500B17000 /* Build configuration list for PBXNativeTarget "SetWeekInvestigationTests" */;
			buildPhases = (
				FB64DF2819F2FBA500B17000 /* Sources */,
				FB64DF2919F2FBA500B17000 /* Frameworks */,
				FB64DF2A19F2FBA500B17000 /* Resources */,
			);
			buildRules = (
			);
			dependencies = (
				FB64DF2E19F2FBA500B17000 /* PBXTargetDependency */,
			);
			name = SetWeekInvestigationTests;
			productName = SetWeekInvestigationTests;
			productReference = FB64DF2C19F2FBA500B17000 /* SetWeekInvestigationTests.xctest */;
			productType = "com.apple.product-type.bundle.unit-test";
		};
/* End PBXNativeTarget section */

/* Begin PBXProject section */
		FB64DF0819F2FBA400B17000 /* Project object */ = {
			isa = PBXProject;
			attributes = {
				LastUpgradeCheck = 0600;
				ORGANIZATIONNAME = "Samuel Westrich";
				TargetAttributes = {
					FB64DF0F19F2FBA400B17000 = {
						CreatedOnToolsVersion = 6.0;
					};
					FB64DF2B19F2FBA500B17000 = {
						CreatedOnToolsVersion = 6.0;
						TestTargetID = FB64DF0F19F2FBA400B17000;
					};
				};
			};
			buildConfigurationList = FB64DF0B19F2FBA400B17000 /* Build configuration list for PBXProject "SetWeekInvestigation" */;
			compatibilityVersion = "Xcode 3.2";
			developmentRegion = English;
			hasScannedForEncodings = 0;
			knownRegions = (
				en,
				Base,
			);
			mainGroup = FB64DF0719F2FBA400B17000;
			productRefGroup = FB64DF1119F2FBA400B17000 /* Products */;
			projectDirPath = "";
			projectRoot = "";
			targets = (
				FB64DF0F19F2FBA400B17000 /* SetWeekInvestigation */,
				FB64DF2B19F2FBA500B17000 /* SetWeekInvestigationTests */,
			);
		};
/* End PBXProject section */

/* Begin PBXResourcesBuildPhase section */
		FB64DF0E19F2FBA400B17000 /* Resources */ = {
			isa = PBXResourcesBuildPhase;
			buildActionMask = 2147483647;
			files = (
				FB64DF2219F2FBA500B17000 /* Main.storyboard in Resources */,
				FB64DF2719F2FBA500B17000 /* LaunchScreen.xib in Resources */,
				FB64DF2419F2FBA500B17000 /* Images.xcassets in Resources */,
			);
			runOnlyForDeploymentPostprocessing = 0;
		};
		FB64DF2A19F2FBA500B17000 /* Resources */ = {
			isa = PBXResourcesBuildPhase;
			buildActionMask = 2147483647;
			files = (
			);
			runOnlyForDeploymentPostprocessing = 0;
		};
/* End PBXResourcesBuildPhase section */

/* Begin PBXSourcesBuildPhase section */
		FB64DF0C19F2FBA400B17000 /* Sources */ = {
			isa = PBXSourcesBuildPhase;
			buildActionMask = 2147483647;
			files = (
				FB64DF1919F2FBA400B17000 /* AppDelegate.m in Sources */,
				FB64DF1C19F2FBA400B17000 /* MasterViewController.m in Sources */,
				FB64DF1619F2FBA400B17000 /* main.m in Sources */,
				FB64DF1F19F2FBA400B17000 /* DetailViewController.m in Sources */,
			);
			runOnlyForDeploymentPostprocessing = 0;
		};
		FB64DF2819F2FBA500B17000 /* Sources */ = {
			isa = PBXSourcesBuildPhase;
			buildActionMask = 2147483647;
			files = (
				FB64DF3319F2FBA500B17000 /* SetWeekInvestigationTests.m in Sources */,
			);
			runOnlyForDeploymentPostprocessing = 0;
		};
/* End PBXSourcesBuildPhase section */

/* Begin PBXTargetDependency section */
		FB64DF2E19F2FBA500B17000 /* PBXTargetDependency */ = {
			isa = PBXTargetDependency;
			target = FB64DF0F19F2FBA400B17000 /* SetWeekInvestigation */;
			targetProxy = FB64DF2D19F2FBA500B17000 /* PBXContainerItemProxy */;
		};
/* End PBXTargetDependency section */

/* Begin PBXVariantGroup section */
		FB64DF2019F2FBA500B17000 /* Main.storyboard */ = {
			isa = PBXVariantGroup;
			children = (
				FB64DF2119F2FBA500B17000 /* Base */,
			);
			name = Main.storyboard;
			sourceTree = "<group>";
		};
		FB64DF2519F2FBA500B17000 /* LaunchScreen.xib */ = {
			isa = PBXVariantGroup;
			children = (
				FB64DF2619F2FBA500B17000 /* Base */,
			);
			name = LaunchScreen.xib;
			sourceTree = "<group>";
		};
/* End PBXVariantGroup section */

/* Begin XCBuildConfiguration section */
		FB64DF3419F2FBA500B17000 /* Debug */ = {
			isa = XCBuildConfiguration;
			buildSettings = {
				ALWAYS_SEARCH_USER_PATHS = NO;
				CLANG_CXX_LANGUAGE_STANDARD = "gnu++0x";
				CLANG_CXX_LIBRARY = "libc++";
				CLANG_ENABLE_MODULES = YES;
				CLANG_ENABLE_OBJC_ARC = YES;
				CLANG_WARN_BOOL_CONVERSION = YES;
				CLANG_WARN_CONSTANT_CONVERSION = YES;
				CLANG_WARN_DIRECT_OBJC_ISA_USAGE = YES_ERROR;
				CLANG_WARN_EMPTY_BODY = YES;
				CLANG_WARN_ENUM_CONVERSION = YES;
				CLANG_WARN_INT_CONVERSION = YES;
				CLANG_WARN_OBJC_ROOT_CLASS = YES_ERROR;
				CLANG_WARN_UNREACHABLE_CODE = YES;
				CLANG_WARN__DUPLICATE_METHOD_MATCH = YES;
				"CODE_SIGN_IDENTITY[sdk=iphoneos*]" = "iPhone Developer";
				COPY_PHASE_STRIP = NO;
				ENABLE_STRICT_OBJC_MSGSEND = YES;
				GCC_C_LANGUAGE_STANDARD = gnu99;
				GCC_DYNAMIC_NO_PIC = NO;
				GCC_OPTIMIZATION_LEVEL = 0;
				GCC_PREPROCESSOR_DEFINITIONS = (
					"DEBUG=1",
					"$(inherited)",
				);
				GCC_SYMBOLS_PRIVATE_EXTERN = NO;
				GCC_WARN_64_TO_32_BIT_CONVERSION = YES;
				GCC_WARN_ABOUT_RETURN_TYPE = YES_ERROR;
				GCC_WARN_UNDECLARED_SELECTOR = YES;
				GCC_WARN_UNINITIALIZED_AUTOS = YES_AGGRESSIVE;
				GCC_WARN_UNUSED_FUNCTION = YES;
				GCC_WARN_UNUSED_VARIABLE = YES;
				IPHONEOS_DEPLOYMENT_TARGET = 8.0;
				MTL_ENABLE_DEBUG_INFO = YES;
				ONLY_ACTIVE_ARCH = YES;
				SDKROOT = iphoneos;
			};
			name = Debug;
		};
		FB64DF3519F2FBA500B17000 /* Release */ = {
			isa = XCBuildConfiguration;
			buildSettings = {
				ALWAYS_SEARCH_USER_PATHS = NO;
				CLANG_CXX_LANGUAGE_STANDARD = "gnu++0x";
				CLANG_CXX_LIBRARY = "libc++";
				CLANG_ENABLE_MODULES = YES;
				CLANG_ENABLE_OBJC_ARC = YES;
				CLANG_WARN_BOOL_CONVERSION = YES;
				CLANG_WARN_CONSTANT_CONVERSION = YES;
				CLANG_WARN_DIRECT_OBJC_ISA_USAGE = YES_ERROR;
				CLANG_WARN_EMPTY_BODY = YES;
				CLANG_WARN_ENUM_CONVERSION = YES;
				CLANG_WARN_INT_CONVERSION = YES;
				CLANG_WARN_OBJC_ROOT_CLASS = YES_ERROR;
				CLANG_WARN_UNREACHABLE_CODE = YES;
				CLANG_WARN__DUPLICATE_METHOD_MATCH = YES;
				"CODE_SIGN_IDENTITY[sdk=iphoneos*]" = "iPhone Developer";
				COPY_PHASE_STRIP = YES;
				ENABLE_NS_ASSERTIONS = NO;
				ENABLE_STRICT_OBJC_MSGSEND = YES;
				GCC_C_LANGUAGE_STANDARD = gnu99;
				GCC_WARN_64_TO_32_BIT_CONVERSION = YES;
				GCC_WARN_ABOUT_RETURN_TYPE = YES_ERROR;
				GCC_WARN_UNDECLARED_SELECTOR = YES;
				GCC_WARN_UNINITIALIZED_AUTOS = YES_AGGRESSIVE;
				GCC_WARN_UNUSED_FUNCTION = YES;
				GCC_WARN_UNUSED_VARIABLE = YES;
				IPHONEOS_DEPLOYMENT_TARGET = 8.0;
				MTL_ENABLE_DEBUG_INFO = NO;
				SDKROOT = iphoneos;
				VALIDATE_PRODUCT = YES;
			};
			name = Release;
		};
		FB64DF3719F2FBA500B17000 /* Debug */ = {
			isa = XCBuildConfiguration;
			buildSettings = {
				ASSETCATALOG_COMPILER_APPICON_NAME = AppIcon;
				INFOPLIST_FILE = SetWeekInvestigation/Info.plist;
				LD_RUNPATH_SEARCH_PATHS = "$(inherited) @executable_path/Frameworks";
				PRODUCT_NAME = "$(TARGET_NAME)";
			};
			name = Debug;
		};
		FB64DF3819F2FBA500B17000 /* Release */ = {
			isa = XCBuildConfiguration;
			buildSettings = {
				ASSETCATALOG_COMPILER_APPICON_NAME = AppIcon;
				INFOPLIST_FILE = SetWeekInvestigation/Info.plist;
				LD_RUNPATH_SEARCH_PATHS = "$(inherited) @executable_path/Frameworks";
				PRODUCT_NAME = "$(TARGET_NAME)";
			};
			name = Release;
		};
		FB64DF3A19F2FBA500B17000 /* Debug */ = {
			isa = XCBuildConfiguration;
			buildSettings = {
				BUNDLE_LOADER = "$(TEST_HOST)";
				FRAMEWORK_SEARCH_PATHS = (
					"$(SDKROOT)/Developer/Library/Frameworks",
					"$(inherited)",
				);
				GCC_PREPROCESSOR_DEFINITIONS = (
					"DEBUG=1",
					"$(inherited)",
				);
				INFOPLIST_FILE = SetWeekInvestigationTests/Info.plist;
				LD_RUNPATH_SEARCH_PATHS = "$(inherited) @executable_path/Frameworks @loader_path/Frameworks";
				PRODUCT_NAME = "$(TARGET_NAME)";
				TEST_HOST = "$(BUILT_PRODUCTS_DIR)/SetWeekInvestigation.app/SetWeekInvestigation";
			};
			name = Debug;
		};
		FB64DF3B19F2FBA500B17000 /* Release */ = {
			isa = XCBuildConfiguration;
			buildSettings = {
				BUNDLE_LOADER = "$(TEST_HOST)";
				FRAMEWORK_SEARCH_PATHS = (
					"$(SDKROOT)/Developer/Library/Frameworks",
					"$(inherited)",
				);
				INFOPLIST_FILE = SetWeekInvestigationTests/Info.plist;
				LD_RUNPATH_SEARCH_PATHS = "$(inherited) @executable_path/Frameworks @loader_path/Frameworks";
				PRODUCT_NAME = "$(TARGET_NAME)";
				TEST_HOST = "$(BUILT_PRODUCTS_DIR)/SetWeekInvestigation.app/SetWeekInvestigation";
			};
			name = Release;
		};
/* End XCBuildConfiguration section */

/* Begin XCConfigurationList section */
		FB64DF0B19F2FBA400B17000 /* Build configuration list for PBXProject "SetWeekInvestigation" */ = {
			isa = XCConfigurationList;
			buildConfigurations = (
				FB64DF3419F2FBA500B17000 /* Debug */,
				FB64DF3519F2FBA500B17000 /* Release */,
			);
			defaultConfigurationIsVisible = 0;
			defaultConfigurationName = Release;
		};
		FB64DF3619F2FBA500B17000 /* Build configuration list for PBXNativeTarget "SetWeekInvestigation" */ = {
			isa = XCConfigurationList;
			buildConfigurations = (
				FB64DF3719F2FBA500B17000 /* Debug */,
				FB64DF3819F2FBA500B17000 /* Release */,
			);
			defaultConfigurationIsVisible = 0;
		};
		FB64DF3919F2FBA500B17000 /* Build configuration list for PBXNativeTarget "SetWeekInvestigationTests" */ = {
			isa = XCConfigurationList;
			buildConfigurations = (
				FB64DF3A19F2FBA500B17000 /* Debug */,
				FB64DF3B19F2FBA500B17000 /* Release */,
			);
			defaultConfigurationIsVisible = 0;
		};
/* End XCConfigurationList section */
	};
	rootObject = FB64DF0819F2FBA400B17000 /* Project object */;
}
